
Microsoft Visual Studio Solution File, Format Version 12.00
# Visual Studio Version 17
VisualStudioVersion = 17.3.32901.215
MinimumVisualStudioVersion = 10.0.40219.1
Project("{FAE04EC0-301F-11D3-BF4B-00C04F79EFBC}") = "9LAB", "9LAB\9LAB.csproj", "{162ECB51-92B5-4B2D-B4EC-8C9BD081100D}"
EndProject
Global
	GlobalSection(SolutionConfigurationPlatforms) = preSolution
		Debug|Any CPU = Debug|Any CPU
		Release|Any CPU = Release|Any CPU
	EndGlobalSection
	GlobalSection(ProjectConfigurationPlatforms) = postSolution
		{162ECB51-92B5-4B2D-B4EC-8C9BD081100D}.Debug|Any CPU.ActiveCfg = Debug|Any CPU
		{162ECB51-92B5-4B2D-B4EC-8C9BD081100D}.Debug|Any CPU.Build.0 = Debug|Any CPU
		{162ECB51-92B5-4B2D-B4EC-8C9BD081100D}.Release|Any CPU.ActiveCfg = Release|Any CPU
		{162ECB51-92B5-4B2D-B4EC-8C9BD081100D}.Release|Any CPU.Build.0 = Release|Any CPU
	EndGlobalSection
	GlobalSection(SolutionProperties) = preSolution
		HideSolutionNode = FALSE
	EndGlobalSection
	GlobalSection(ExtensibilityGlobals) = postSolution
		SolutionGuid = {33373A84-54B4-4F0E-BC7E-B1AFA11C635F}
	EndGlobalSection
EndGlobal
